
Microsoft Visual Studio Solution File, Format Version 12.00
# Visual Studio Version 17
VisualStudioVersion = 17.6.33829.357
MinimumVisualStudioVersion = 10.0.40219.1
Project("{9A19103F-16F7-4668-BE54-9A1E7A4F7556}") = "WebApi", "WebApi.csproj", "{FFA63FFD-4CF1-45D4-96E6-14A503420DC6}"
EndProject
Global
	GlobalSection(SolutionConfigurationPlatforms) = preSolution
		Debug|Any CPU = Debug|Any CPU
		Release|Any CPU = Release|Any CPU
	EndGlobalSection
	GlobalSection(ProjectConfigurationPlatforms) = postSolution
		{FFA63FFD-4CF1-45D4-96E6-14A503420DC6}.Debug|Any CPU.ActiveCfg = Debug|Any CPU
		{FFA63FFD-4CF1-45D4-96E6-14A503420DC6}.Debug|Any CPU.Build.0 = Debug|Any CPU
		{FFA63FFD-4CF1-45D4-96E6-14A503420DC6}.Release|Any CPU.ActiveCfg = Release|Any CPU
		{FFA63FFD-4CF1-45D4-96E6-14A503420DC6}.Release|Any CPU.Build.0 = Release|Any CPU
	EndGlobalSection
	GlobalSection(SolutionProperties) = preSolution
		HideSolutionNode = FALSE
	EndGlobalSection
	GlobalSection(ExtensibilityGlobals) = postSolution
		SolutionGuid = {13F5228A-073D-46DC-BECA-879D295E4D6D}
	EndGlobalSection
EndGlobal
